
Microsoft Visual Studio Solution File, Format Version 12.00
Project("{FAE04EC0-301F-11D3-BF4B-00C04F79EFBC}") = "Castle.DI.Comp.Tests", "Castle.DI.Comp.Tests\Castle.DI.Comp.Tests.csproj", "{338EC017-1257-4B50-962B-02169A9BA2A0}"
EndProject
Project("{FAE04EC0-301F-11D3-BF4B-00C04F79EFBC}") = "Castle.DI.Core", "Castle.DI.Core\Castle.DI.Core.csproj", "{11E26799-73AE-4A14-B088-BA4B3D4020DF}"
EndProject
Project("{FAE04EC0-301F-11D3-BF4B-00C04F79EFBC}") = "Castle.MediatR.DependencyInjection", "Castle.MediatR.DependencyInjection\Castle.MediatR.DependencyInjection.csproj", "{C7785EDA-5778-4365-BC17-07EB038CACEB}"
EndProject
Project("{FAE04EC0-301F-11D3-BF4B-00C04F79EFBC}") = "Castle.Common", "Castle.Common\Castle.Common.csproj", "{9192FE96-33B9-423F-AEE7-07DDEB774E4F}"
EndProject
Project("{FAE04EC0-301F-11D3-BF4B-00C04F79EFBC}") = "Ms.Svc.DI.Comp.Tests", "Ms.Svc.DI.Comp.Tests\Ms.Svc.DI.Comp.Tests.csproj", "{DD2F8D80-A301-4865-BDB2-78FD1AA76C43}"
EndProject
Project("{FAE04EC0-301F-11D3-BF4B-00C04F79EFBC}") = "Ms.Svc.DI.Core", "Ms.Svc.DI.Core\Ms.Svc.DI.Core.csproj", "{13B25827-8806-427C-BB4C-FDD620BAA12F}"
EndProject
Global
	GlobalSection(SolutionConfigurationPlatforms) = preSolution
		Debug|Any CPU = Debug|Any CPU
		Release|Any CPU = Release|Any CPU
	EndGlobalSection
	GlobalSection(ProjectConfigurationPlatforms) = postSolution
		{338EC017-1257-4B50-962B-02169A9BA2A0}.Debug|Any CPU.ActiveCfg = Debug|Any CPU
		{338EC017-1257-4B50-962B-02169A9BA2A0}.Debug|Any CPU.Build.0 = Debug|Any CPU
		{338EC017-1257-4B50-962B-02169A9BA2A0}.Release|Any CPU.ActiveCfg = Release|Any CPU
		{338EC017-1257-4B50-962B-02169A9BA2A0}.Release|Any CPU.Build.0 = Release|Any CPU
		{11E26799-73AE-4A14-B088-BA4B3D4020DF}.Debug|Any CPU.ActiveCfg = Debug|Any CPU
		{11E26799-73AE-4A14-B088-BA4B3D4020DF}.Debug|Any CPU.Build.0 = Debug|Any CPU
		{11E26799-73AE-4A14-B088-BA4B3D4020DF}.Release|Any CPU.ActiveCfg = Release|Any CPU
		{11E26799-73AE-4A14-B088-BA4B3D4020DF}.Release|Any CPU.Build.0 = Release|Any CPU
		{C7785EDA-5778-4365-BC17-07EB038CACEB}.Debug|Any CPU.ActiveCfg = Debug|Any CPU
		{C7785EDA-5778-4365-BC17-07EB038CACEB}.Debug|Any CPU.Build.0 = Debug|Any CPU
		{C7785EDA-5778-4365-BC17-07EB038CACEB}.Release|Any CPU.ActiveCfg = Release|Any CPU
		{C7785EDA-5778-4365-BC17-07EB038CACEB}.Release|Any CPU.Build.0 = Release|Any CPU
		{9192FE96-33B9-423F-AEE7-07DDEB774E4F}.Debug|Any CPU.ActiveCfg = Debug|Any CPU
		{9192FE96-33B9-423F-AEE7-07DDEB774E4F}.Debug|Any CPU.Build.0 = Debug|Any CPU
		{9192FE96-33B9-423F-AEE7-07DDEB774E4F}.Release|Any CPU.ActiveCfg = Release|Any CPU
		{9192FE96-33B9-423F-AEE7-07DDEB774E4F}.Release|Any CPU.Build.0 = Release|Any CPU
		{DD2F8D80-A301-4865-BDB2-78FD1AA76C43}.Debug|Any CPU.ActiveCfg = Debug|Any CPU
		{DD2F8D80-A301-4865-BDB2-78FD1AA76C43}.Debug|Any CPU.Build.0 = Debug|Any CPU
		{DD2F8D80-A301-4865-BDB2-78FD1AA76C43}.Release|Any CPU.ActiveCfg = Release|Any CPU
		{DD2F8D80-A301-4865-BDB2-78FD1AA76C43}.Release|Any CPU.Build.0 = Release|Any CPU
		{13B25827-8806-427C-BB4C-FDD620BAA12F}.Debug|Any CPU.ActiveCfg = Debug|Any CPU
		{13B25827-8806-427C-BB4C-FDD620BAA12F}.Debug|Any CPU.Build.0 = Debug|Any CPU
		{13B25827-8806-427C-BB4C-FDD620BAA12F}.Release|Any CPU.ActiveCfg = Release|Any CPU
		{13B25827-8806-427C-BB4C-FDD620BAA12F}.Release|Any CPU.Build.0 = Release|Any CPU
	EndGlobalSection
EndGlobal
